<Solution>
  <Folder Name="/Services/" />
    <Folder Name="/Services/Payment/">
        <Project Path="Services/Payment/Payment.API/Payment.API.csproj" />
    </Folder>
    <Folder Name="/Services/Identity/">
        <Project Path="Services/Identity/Identity.API/Identity.API.csproj" />
    </Folder>
    <Folder Name="/Services/Restaurants/">
        <Project Path="Services/Restaurants/Restaurants.API/Restaurants.API.csproj" />
    </Folder>
    <Folder Name="/Services/Reservations/">
        <Project Path="Services/Reservations/Reservations.API/Reservations.API.csproj" />
        <Project Path="Services/Reservations/Reservations.Application/Reservations.Application.csproj" />
        <Project Path="Services/Reservations/Reservations.Domain/Reservations.Domain.csproj" />
        <Project Path="Services/Reservations/Reservations.Infrastructure/Reservations.Infrastructure.csproj" />
    </Folder>
    <Folder Name="/Services/Notifications/">
        <Project Path="Services/Notifications/Notifications.API/Notifications.API.csproj" />
    </Folder>
    <Folder Name="/BuildingBlocks/">
        <Project Path="BuildingBlocks/Contracts/Contracts.csproj" />
    </Folder>
    <Folder Name="/Tests/">
        <Project Path="Services/Identity/Tests/Identity.API.Tests/Identity.API.Tests.csproj" />
        <Project Path="Services/Restaurants/Restaurants.API.Tests/Restaurants.API.Tests.csproj" Id="48c168c7-946e-49ef-97d2-941b2c3a29a7" />
        <Project Path="Services/Notifications/Notifications.API.Tests/Notifications.API.Tests.csproj" />
        <Project Path="Services/Payment/Payment.API.Tests/Payment.API.Tests.csproj" Id="83475daf-812f-4bc2-8c94-df62be1381e9" />
        <Project Path="Services/Reservations/Reservations.API.Tests/Reservations.API.Tests.csproj" />
        <Project Path="Services/Tests/ReserveNServe.E2E.Tests/ReserveNServe.E2E.Tests.csproj" />
    </Folder>
    <Folder Name="/Solution Items/">
    <File Path="compose.yaml" />
  </Folder>
</Solution>
